// !$*UTF8*$!
{
	archiveVersion = 1;
	classes = {
	};
	objectVersion = 46;
	objects = {

/* Begin PBXBuildFile section */
		264ADC5A1EA6A25400DE2CE7 /* AppDelegate.swift in Sources */ = {isa = PBXBuildFile; fileRef = 264ADC591EA6A25400DE2CE7 /* AppDelegate.swift */; };
		264ADC5C1EA6A25400DE2CE7 /* ViewController.swift in Sources */ = {isa = PBXBuildFile; fileRef = 264ADC5B1EA6A25400DE2CE7 /* ViewController.swift */; };
		264ADC5F1EA6A25400DE2CE7 /* Main.storyboard in Resources */ = {isa = PBXBuildFile; fileRef = 264ADC5D1EA6A25400DE2CE7 /* Main.storyboard */; };
		264ADC611EA6A25400DE2CE7 /* Assets.xcassets in Resources */ = {isa = PBXBuildFile; fileRef = 264ADC601EA6A25400DE2CE7 /* Assets.xcassets */; };
		264ADC641EA6A25400DE2CE7 /* LaunchScreen.storyboard in Resources */ = {isa = PBXBuildFile; fileRef = 264ADC621EA6A25400DE2CE7 /* LaunchScreen.storyboard */; };
/* End PBXBuildFile section */

/* Begin PBXFileReference section */
		264ADC561EA6A25400DE2CE7 /* devierotation.app */ = {isa = PBXFileReference; explicitFileType = wrapper.application; includeInIndex = 0; path = devierotation.app; sourceTree = BUILT_PRODUCTS_DIR; };
		264ADC591EA6A25400DE2CE7 /* AppDelegate.swift */ = {isa = PBXFileReference; lastKnownFileType = sourcecode.swift; path = AppDelegate.swift; sourceTree = "<group>"; };
		264ADC5B1EA6A25400DE2CE7 /* ViewController.swift */ = {isa = PBXFileReference; lastKnownFileType = sourcecode.swift; name = ViewController.swift; path = ../ViewController.swift; sourceTree = "<group>"; };
		264ADC5E1EA6A25400DE2CE7 /* Base */ = {isa = PBXFileReference; lastKnownFileType = file.storyboard; name = Base; path = Base.lproj/Main.storyboard; sourceTree = "<group>"; };
		264ADC601EA6A25400DE2CE7 /* Assets.xcassets */ = {isa = PBXFileReference; lastKnownFileType = folder.assetcatalog; path = Assets.xcassets; sourceTree = "<group>"; };
		264ADC631EA6A25400DE2CE7 /* Base */ = {isa = PBXFileReference; lastKnownFileType = file.storyboard; name = Base; path = Base.lproj/LaunchScreen.storyboard; sourceTree = "<group>"; };
		264ADC651EA6A25500DE2CE7 /* Info.plist */ = {isa = PBXFileReference; lastKnownFileType = text.plist.xml; path = Info.plist; sourceTree = "<group>"; };
/* End PBXFileReference section */

/* Begin PBXFrameworksBuildPhase section */
		264ADC531EA6A25400DE2CE7 /* Frameworks */ = {
			isa = PBXFrameworksBuildPhase;
			buildActionMask = 2147483647;
			files = (
			);
			runOnlyForDeploymentPostprocessing = 0;
		};
/* End PBXFrameworksBuildPhase section */

/* Begin PBXGroup section */
		264ADC4D1EA6A25400DE2CE7 = {
			isa = PBXGroup;
			children = (
				264ADC581EA6A25400DE2CE7 /* devierotation */,
				264ADC571EA6A25400DE2CE7 /* Products */,
			);
			sourceTree = "<group>";
		};
		264ADC571EA6A25400DE2CE7 /* Products */ = {
			isa = PBXGroup;
			children = (
				264ADC561EA6A25400DE2CE7 /* devierotation.app */,
			);
			name = Products;
			sourceTree = "<group>";
		};
		264ADC581EA6A25400DE2CE7 /* devierotation */ = {
			isa = PBXGroup;
			children = (
				264ADC6B1EA6A27900DE2CE7 /* Controllers */,
				264ADC6C1EA6A27900DE2CE7 /* Views */,
				264ADC591EA6A25400DE2CE7 /* AppDelegate.swift */,
				264ADC601EA6A25400DE2CE7 /* Assets.xcassets */,
				264ADC651EA6A25500DE2CE7 /* Info.plist */,
			);
			path = devierotation;
			sourceTree = "<group>";
		};
		264ADC6B1EA6A27900DE2CE7 /* Controllers */ = {
			isa = PBXGroup;
			children = (
				264ADC5B1EA6A25400DE2CE7 /* ViewController.swift */,
			);
			path = Controllers;
			sourceTree = "<group>";
		};
		264ADC6C1EA6A27900DE2CE7 /* Views */ = {
			isa = PBXGroup;
			children = (
				264ADC621EA6A25400DE2CE7 /* LaunchScreen.storyboard */,
				264ADC5D1EA6A25400DE2CE7 /* Main.storyboard */,
			);
			path = Views;
			sourceTree = "<group>";
		};
/* End PBXGroup section */

/* Begin PBXNativeTarget section */
		264ADC551EA6A25400DE2CE7 /* devierotation */ = {
			isa = PBXNativeTarget;
			buildConfigurationList = 264ADC681EA6A25500DE2CE7 /* Build configuration list for PBXNativeTarget "devierotation" */;
			buildPhases = (
				264ADC521EA6A25400DE2CE7 /* Sources */,
				264ADC531EA6A25400DE2CE7 /* Frameworks */,
				264ADC541EA6A25400DE2CE7 /* Resources */,
			);
			buildRules = (
			);
			dependencies = (
			);
			name = devierotation;
			productName = devierotation;
			productReference = 264ADC561EA6A25400DE2CE7 /* devierotation.app */;
			productType = "com.apple.product-type.application";
		};
/* End PBXNativeTarget section */

/* Begin PBXProject section */
		264ADC4E1EA6A25400DE2CE7 /* Project object */ = {
			isa = PBXProject;
			attributes = {
				LastSwiftUpdateCheck = 0820;
				LastUpgradeCheck = 0820;
				ORGANIZATIONNAME = nextu;
				TargetAttributes = {
					264ADC551EA6A25400DE2CE7 = {
						CreatedOnToolsVersion = 8.2.1;
						DevelopmentTeam = 66H7PAJH7N;
						ProvisioningStyle = Automatic;
					};
				};
			};
			buildConfigurationList = 264ADC511EA6A25400DE2CE7 /* Build configuration list for PBXProject "devierotation" */;
			compatibilityVersion = "Xcode 3.2";
			developmentRegion = English;
			hasScannedForEncodings = 0;
			knownRegions = (
				en,
				Base,
			);
			mainGroup = 264ADC4D1EA6A25400DE2CE7;
			productRefGroup = 264ADC571EA6A25400DE2CE7 /* Products */;
			projectDirPath = "";
			projectRoot = "";
			targets = (
				264ADC551EA6A25400DE2CE7 /* devierotation */,
			);
		};
/* End PBXProject section */

/* Begin PBXResourcesBuildPhase section */
		264ADC541EA6A25400DE2CE7 /* Resources */ = {
			isa = PBXResourcesBuildPhase;
			buildActionMask = 2147483647;
			files = (
				264ADC641EA6A25400DE2CE7 /* LaunchScreen.storyboard in Resources */,
				264ADC611EA6A25400DE2CE7 /* Assets.xcassets in Resources */,
				264ADC5F1EA6A25400DE2CE7 /* Main.storyboard in Resources */,
			);
			runOnlyForDeploymentPostprocessing = 0;
		};
/* End PBXResourcesBuildPhase section */

/* Begin PBXSourcesBuildPhase section */
		264ADC521EA6A25400DE2CE7 /* Sources */ = {
			isa = PBXSourcesBuildPhase;
			buildActionMask = 2147483647;
			files = (
				264ADC5C1EA6A25400DE2CE7 /* ViewController.swift in Sources */,
				264ADC5A1EA6A25400DE2CE7 /* AppDelegate.swift in Sources */,
			);
			runOnlyForDeploymentPostprocessing = 0;
		};
/* End PBXSourcesBuildPhase section */

/* Begin PBXVariantGroup section */
		264ADC5D1EA6A25400DE2CE7 /* Main.storyboard */ = {
			isa = PBXVariantGroup;
			children = (
				264ADC5E1EA6A25400DE2CE7 /* Base */,
			);
			name = Main.storyboard;
			path = ..;
			sourceTree = "<group>";
		};
		264ADC621EA6A25400DE2CE7 /* LaunchScreen.storyboard */ = {
			isa = PBXVariantGroup;
			children = (
				264ADC631EA6A25400DE2CE7 /* Base */,
			);
			name = LaunchScreen.storyboard;
			path = ..;
			sourceTree = "<group>";
		};
/* End PBXVariantGroup section */

/* Begin XCBuildConfiguration section */
		264ADC661EA6A25500DE2CE7 /* Debug */ = {
			isa = XCBuildConfiguration;
			buildSettings = {
				ALWAYS_SEARCH_USER_PATHS = NO;
				CLANG_ANALYZER_NONNULL = YES;
				CLANG_CXX_LANGUAGE_STANDARD = "gnu++0x";
				CLANG_CXX_LIBRARY = "libc++";
				CLANG_ENABLE_MODULES = YES;
				CLANG_ENABLE_OBJC_ARC = YES;
				CLANG_WARN_BOOL_CONVERSION = YES;
				CLANG_WARN_CONSTANT_CONVERSION = YES;
				CLANG_WARN_DIRECT_OBJC_ISA_USAGE = YES_ERROR;
				CLANG_WARN_DOCUMENTATION_COMMENTS = YES;
				CLANG_WARN_EMPTY_BODY = YES;
				CLANG_WARN_ENUM_CONVERSION = YES;
				CLANG_WARN_INFINITE_RECURSION = YES;
				CLANG_WARN_INT_CONVERSION = YES;
				CLANG_WARN_OBJC_ROOT_CLASS = YES_ERROR;
				CLANG_WARN_SUSPICIOUS_MOVE = YES;
				CLANG_WARN_UNREACHABLE_CODE = YES;
				CLANG_WARN__DUPLICATE_METHOD_MATCH = YES;
				"CODE_SIGN_IDENTITY[sdk=iphoneos*]" = "iPhone Developer";
				COPY_PHASE_STRIP = NO;
				DEBUG_INFORMATION_FORMAT = dwarf;
				ENABLE_STRICT_OBJC_MSGSEND = YES;
				ENABLE_TESTABILITY = YES;
				GCC_C_LANGUAGE_STANDARD = gnu99;
				GCC_DYNAMIC_NO_PIC = NO;
				GCC_NO_COMMON_BLOCKS = YES;
				GCC_OPTIMIZATION_LEVEL = 0;
				GCC_PREPROCESSOR_DEFINITIONS = (
					"DEBUG=1",
					"$(inherited)",
				);
				GCC_WARN_64_TO_32_BIT_CONVERSION = YES;
				GCC_WARN_ABOUT_RETURN_TYPE = YES_ERROR;
				GCC_WARN_UNDECLARED_SELECTOR = YES;
				GCC_WARN_UNINITIALIZED_AUTOS = YES_AGGRESSIVE;
				GCC_WARN_UNUSED_FUNCTION = YES;
				GCC_WARN_UNUSED_VARIABLE = YES;
				IPHONEOS_DEPLOYMENT_TARGET = 10.2;
				MTL_ENABLE_DEBUG_INFO = YES;
				ONLY_ACTIVE_ARCH = YES;
				SDKROOT = iphoneos;
				SWIFT_ACTIVE_COMPILATION_CONDITIONS = DEBUG;
				SWIFT_OPTIMIZATION_LEVEL = "-Onone";
				TARGETED_DEVICE_FAMILY = "1,2";
			};
			name = Debug;
		};
		264ADC671EA6A25500DE2CE7 /* Release */ = {
			isa = XCBuildConfiguration;
			buildSettings = {
				ALWAYS_SEARCH_USER_PATHS = NO;
				CLANG_ANALYZER_NONNULL = YES;
				CLANG_CXX_LANGUAGE_STANDARD = "gnu++0x";
				CLANG_CXX_LIBRARY = "libc++";
				CLANG_ENABLE_MODULES = YES;
				CLANG_ENABLE_OBJC_ARC = YES;
				CLANG_WARN_BOOL_CONVERSION = YES;
				CLANG_WARN_CONSTANT_CONVERSION = YES;
				CLANG_WARN_DIRECT_OBJC_ISA_USAGE = YES_ERROR;
				CLANG_WARN_DOCUMENTATION_COMMENTS = YES;
				CLANG_WARN_EMPTY_BODY = YES;
				CLANG_WARN_ENUM_CONVERSION = YES;
				CLANG_WARN_INFINITE_RECURSION = YES;
				CLANG_WARN_INT_CONVERSION = YES;
				CLANG_WARN_OBJC_ROOT_CLASS = YES_ERROR;
				CLANG_WARN_SUSPICIOUS_MOVE = YES;
				CLANG_WARN_UNREACHABLE_CODE = YES;
				CLANG_WARN__DUPLICATE_METHOD_MATCH = YES;
				"CODE_SIGN_IDENTITY[sdk=iphoneos*]" = "iPhone Developer";
				COPY_PHASE_STRIP = NO;
				DEBUG_INFORMATION_FORMAT = "dwarf-with-dsym";
				ENABLE_NS_ASSERTIONS = NO;
				ENABLE_STRICT_OBJC_MSGSEND = YES;
				GCC_C_LANGUAGE_STANDARD = gnu99;
				GCC_NO_COMMON_BLOCKS = YES;
				GCC_WARN_64_TO_32_BIT_CONVERSION = YES;
				GCC_WARN_ABOUT_RETURN_TYPE = YES_ERROR;
				GCC_WARN_UNDECLARED_SELECTOR = YES;
				GCC_WARN_UNINITIALIZED_AUTOS = YES_AGGRESSIVE;
				GCC_WARN_UNUSED_FUNCTION = YES;
				GCC_WARN_UNUSED_VARIABLE = YES;
				IPHONEOS_DEPLOYMENT_TARGET = 10.2;
				MTL_ENABLE_DEBUG_INFO = NO;
				SDKROOT = iphoneos;
				SWIFT_OPTIMIZATION_LEVEL = "-Owholemodule";
				TARGETED_DEVICE_FAMILY = "1,2";
				VALIDATE_PRODUCT = YES;
			};
			name = Release;
		};
		264ADC691EA6A25500DE2CE7 /* Debug */ = {
			isa = XCBuildConfiguration;
			buildSettings = {
				ASSETCATALOG_COMPILER_APPICON_NAME = AppIcon;
				DEVELOPMENT_TEAM = 66H7PAJH7N;
				INFOPLIST_FILE = devierotation/Info.plist;
				IPHONEOS_DEPLOYMENT_TARGET = 9.0;
				LD_RUNPATH_SEARCH_PATHS = "$(inherited) @executable_path/Frameworks";
				PRODUCT_BUNDLE_IDENTIFIER = com.nextu.devierotation;
				PRODUCT_NAME = "$(TARGET_NAME)";
				SWIFT_VERSION = 3.0;
			};
			name = Debug;
		};
		264ADC6A1EA6A25500DE2CE7 /* Release */ = {
			isa = XCBuildConfiguration;
			buildSettings = {
				ASSETCATALOG_COMPILER_APPICON_NAME = AppIcon;
				DEVELOPMENT_TEAM = 66H7PAJH7N;
				INFOPLIST_FILE = devierotation/Info.plist;
				IPHONEOS_DEPLOYMENT_TARGET = 9.0;
				LD_RUNPATH_SEARCH_PATHS = "$(inherited) @executable_path/Frameworks";
				PRODUCT_BUNDLE_IDENTIFIER = com.nextu.devierotation;
				PRODUCT_NAME = "$(TARGET_NAME)";
				SWIFT_VERSION = 3.0;
			};
			name = Release;
		};
/* End XCBuildConfiguration section */

/* Begin XCConfigurationList section */
		264ADC511EA6A25400DE2CE7 /* Build configuration list for PBXProject "devierotation" */ = {
			isa = XCConfigurationList;
			buildConfigurations = (
				264ADC661EA6A25500DE2CE7 /* Debug */,
				264ADC671EA6A25500DE2CE7 /* Release */,
			);
			defaultConfigurationIsVisible = 0;
			defaultConfigurationName = Release;
		};
		264ADC681EA6A25500DE2CE7 /* Build configuration list for PBXNativeTarget "devierotation" */ = {
			isa = XCConfigurationList;
			buildConfigurations = (
				264ADC691EA6A25500DE2CE7 /* Debug */,
				264ADC6A1EA6A25500DE2CE7 /* Release */,
			);
			defaultConfigurationIsVisible = 0;
		};
/* End XCConfigurationList section */
	};
	rootObject = 264ADC4E1EA6A25400DE2CE7 /* Project object */;
}
